<?xml version="1.0" encoding="utf-8"?>
<Project ToolsVersion="4.0" xmlns="http://schemas.microsoft.com/developer/msbuild/2003">
  <ItemGroup>
    <Filter Include="Host">
      <UniqueIdentifier>{9E67C723-A2D2-47BD-94E5-6D61FCD1F461}</UniqueIdentifier>
    </Filter>
    <Filter Include="Assets">
      <UniqueIdentifier>{318B3D16-7990-4BF0-8C21-798D9F4A8D76}</UniqueIdentifier>
    </Filter>
    <Filter Include="Graphics">
      <UniqueIdentifier>{DA3B7CA4-6E32-4D4F-88EF-D6F5A7C7604D}</UniqueIdentifier>
    </Filter>
    <Filter Include="Core">
      <UniqueIdentifier>{F2AF3CE1-2A59-4D8B-B0B6-F3B8C50D8A8A}</UniqueIdentifier>
    </Filter>
    <Filter Include="Core\CPU">
      <UniqueIdentifier>{62E3B9A7-6F37-427A-9AE8-E3797E1A1B75}</UniqueIdentifier>
    </Filter>
    <Filter Include="Core\Kernel">
      <UniqueIdentifier>{7A5B4E83-4E8F-4D85-91AA-2EDC7D60B0C1}</UniqueIdentifier>
    </Filter>
    <Filter Include="Core\ABI">
      <UniqueIdentifier>{D0AF4691-47D4-4D9B-9AA2-1C3E07CC4B1A}</UniqueIdentifier>
    </Filter>
    <Filter Include="Core\Loader">
      <UniqueIdentifier>{3DBF40E1-3D03-41F2-9C9A-7AE2ABF3230E}</UniqueIdentifier>
    </Filter>
    <Filter Include="Core\Loader\Module">
      <UniqueIdentifier>{1B5A4C1A-BA0A-49C8-B7C4-0E68B6D20E70}</UniqueIdentifier>
    </Filter>
    <Filter Include="Core\Loader\Relocations">
      <UniqueIdentifier>{8C3A0F3C-1E1C-45EC-AF85-596F9F6E2F62}</UniqueIdentifier>
    </Filter>
    <Filter Include="Core\Loader\Symbols">
      <UniqueIdentifier>{E1BB4C79-5B0D-4C37-8D2D-DA8F6A7D5F29}</UniqueIdentifier>
    </Filter>
    <Filter Include="Core\Loader\Dependencies">
      <UniqueIdentifier>{A95E4B49-4F88-4A45-B0A7-52A7B2C9A08E}</UniqueIdentifier>
    </Filter>
    <Filter Include="Core\Execution">
      <UniqueIdentifier>{4F1D88BA-1A4D-4C87-9D36-6E4D3CF1BD82}</UniqueIdentifier>
    </Filter>
    <Filter Include="Core\Execution\Upstream">
      <UniqueIdentifier>{D7E6F4BB-1CB8-4FD0-A6FC-60DD2AF5F3D9}</UniqueIdentifier>
    </Filter>
  </ItemGroup>
  <ItemGroup>
    <ClInclude Include="App.xaml.h" />
    <ClInclude Include="MainPage.xaml.h" />
    <ClInclude Include="pch.h" />
    <ClInclude Include="Host\HostServices.h" />
    <ClInclude Include="Graphics\D3D12Backend.h" />
    <ClInclude Include="..\..\..\Core\Common\VirtualAddress.hpp">
      <Filter>Core</Filter>
    </ClInclude>
    <ClInclude Include="..\..\..\Core\Loader\Elf64Loader.hpp">
      <Filter>Core\Loader</Filter>
    </ClInclude>
    <ClInclude Include="..\..\..\Core\Loader\Module\LoadedModule.hpp">
      <Filter>Core\Loader\Module</Filter>
    </ClInclude>
    <ClInclude Include="..\..\..\Core\Loader\Module\ModuleRegistry.hpp">
      <Filter>Core\Loader\Module</Filter>
    </ClInclude>
    <ClInclude Include="..\..\..\Core\Loader\Module\ModuleManager.hpp">
      <Filter>Core\Loader\Module</Filter>
    </ClInclude>
    <ClInclude Include="..\..\..\Core\Loader\Relocations\Relocation.hpp">
      <Filter>Core\Loader\Relocations</Filter>
    </ClInclude>
    <ClInclude Include="..\..\..\Core\Loader\Symbols\Symbol.hpp">
      <Filter>Core\Loader\Symbols</Filter>
    </ClInclude>
    <ClInclude Include="..\..\..\Core\Loader\Symbols\SymbolResolver.hpp">
      <Filter>Core\Loader\Symbols</Filter>
    </ClInclude>
    <ClInclude Include="..\..\..\Core\Loader\Dependencies\Dependency.hpp">
      <Filter>Core\Loader\Dependencies</Filter>
    </ClInclude>
    <ClInclude Include="..\..\..\Core\Loader\Dependencies\DependencyResolver.hpp">
      <Filter>Core\Loader\Dependencies</Filter>
    </ClInclude>
    <ClInclude Include="..\..\..\Core\Memory\GuestMemory.hpp">
      <Filter>Core</Filter>
    </ClInclude>
    <ClInclude Include="..\..\..\Core\CPU\CpuState.hpp">
      <Filter>Core\CPU</Filter>
    </ClInclude>
    <ClInclude Include="..\..\..\Core\CPU\Registers.hpp">
      <Filter>Core\CPU</Filter>
    </ClInclude>
    <ClInclude Include="..\..\..\Core\CPU\Flags.hpp">
      <Filter>Core\CPU</Filter>
    </ClInclude>
    <ClInclude Include="..\..\..\Core\CPU\Instruction.hpp">
      <Filter>Core\CPU</Filter>
    </ClInclude>
    <ClInclude Include="..\..\..\Core\CPU\CpuExecutor.hpp">
      <Filter>Core\CPU</Filter>
    </ClInclude>
    <ClInclude Include="..\..\..\Core\CPU\CpuSmokeTests.hpp">
      <Filter>Core\CPU</Filter>
    </ClInclude>
    <ClInclude Include="..\..\..\Core\Kernel\Process\Process.hpp">
      <Filter>Core\Kernel</Filter>
    </ClInclude>
    <ClInclude Include="..\..\..\Core\Kernel\Thread\Thread.hpp">
      <Filter>Core\Kernel</Filter>
    </ClInclude>
    <ClInclude Include="..\..\..\Core\Kernel\Scheduler\Scheduler.hpp">
      <Filter>Core\Kernel</Filter>
    </ClInclude>
    <ClInclude Include="..\..\..\Core\Kernel\Syscalls\SyscallDispatcher.hpp">
      <Filter>Core\Kernel</Filter>
    </ClInclude>
    <ClInclude Include="..\..\..\Core\Kernel\Exceptions\ExceptionBoundary.hpp">
      <Filter>Core\Kernel</Filter>
    </ClInclude>
    <ClInclude Include="..\..\..\Core\Kernel\RuntimeSmokeTests.hpp">
      <Filter>Core\Kernel</Filter>
    </ClInclude>
    <ClInclude Include="..\..\..\Core\Kernel\Syscalls\SyscallTypes.hpp">
      <Filter>Core\Kernel</Filter>
    </ClInclude>
    <ClInclude Include="..\..\..\Core\Kernel\Syscalls\SyscallRegistry.hpp">
      <Filter>Core\Kernel</Filter>
    </ClInclude>
    <ClInclude Include="..\..\..\Core\Kernel\Syscalls\Ps4SyscallStubs.hpp">
      <Filter>Core\Kernel</Filter>
    </ClInclude>
    <ClInclude Include="..\..\..\Core\ABI\CallingConvention\X86_64CallingConvention.hpp">
      <Filter>Core\ABI</Filter>
    </ClInclude>
    <ClInclude Include="..\..\..\Core\ABI\Arguments\AbiContext.hpp">
      <Filter>Core\ABI</Filter>
    </ClInclude>
    <ClInclude Include="..\..\..\Core\ABI\ReturnValues\ReturnValue.hpp">
      <Filter>Core\ABI</Filter>
    </ClInclude>
    <ClInclude Include="..\..\..\Core\ABI\Syscall\SyscallTransition.hpp">
      <Filter>Core\ABI</Filter>
    </ClInclude>
    <ClInclude Include="..\..\..\Core\ABI\AbiSmokeTests.hpp">
      <Filter>Core\ABI</Filter>
    </ClInclude>
    <ClInclude Include="..\..\..\Core\Execution\ExecutionContext.hpp">
      <Filter>Core\Execution</Filter>
    </ClInclude>
    <ClInclude Include="..\..\..\Core\Execution\IExecutionBackend.hpp">
      <Filter>Core\Execution</Filter>
    </ClInclude>
    <ClInclude Include="..\..\..\Core\Execution\NativeExecutionBackend.hpp">
      <Filter>Core\Execution</Filter>
    </ClInclude>
    <ClInclude Include="..\..\..\Core\Execution\SyntheticTestBackend.hpp">
      <Filter>Core\Execution</Filter>
    </ClInclude>
    <ClInclude Include="..\..\..\Core\Execution\UpstreamCompatibleX64Backend.hpp">
      <Filter>Core\Execution</Filter>
    </ClInclude>
    <ClInclude Include="..\..\..\Core\Execution\Upstream\UpstreamExecutionTypes.hpp">
      <Filter>Core\Execution\Upstream</Filter>
    </ClInclude>
    <ClInclude Include="..\..\..\Core\Execution\Upstream\XboxUwpExecutionPlatform.hpp">
      <Filter>Core\Execution\Upstream</Filter>
    </ClInclude>
    <ClInclude Include="..\..\..\Core\Execution\Upstream\UpstreamExecutionBackend.hpp">
      <Filter>Core\Execution\Upstream</Filter>
    </ClInclude>
    <ClInclude Include="..\..\..\Core\Execution\CpuBackendSmokeTests.hpp">
      <Filter>Core\Execution</Filter>
    </ClInclude>
    <ClInclude Include="..\..\..\Core\Execution\ModuleSmokeTests.hpp">
      <Filter>Core\Execution</Filter>
    </ClInclude>
    <ClInclude Include="..\..\..\Core\Execution\DynamicModuleSmokeTests.hpp">
      <Filter>Core\Execution</Filter>
    </ClInclude>
    <ClInclude Include="..\..\..\Core\Execution\UpstreamExecutionSmokeTests.hpp">
      <Filter>Core\Execution</Filter>
    </ClInclude>
  </ItemGroup>
  <ItemGroup>
    <ClCompile Include="Host\HostServices.cpp">
      <Filter>Host</Filter>
    </ClCompile>
    <ClCompile Include="Graphics\D3D12Backend.cpp">
      <Filter>Graphics</Filter>
    </ClCompile>
    <ClCompile Include="..\..\..\Core\Loader\Elf64Loader.cpp">
      <Filter>Core\Loader</Filter>
    </ClCompile>
    <ClCompile Include="..\..\..\Core\Loader\Module\LoadedModule.cpp">
      <Filter>Core\Loader\Module</Filter>
    </ClCompile>
    <ClCompile Include="..\..\..\Core\Loader\Module\ModuleRegistry.cpp">
      <Filter>Core\Loader\Module</Filter>
    </ClCompile>
    <ClCompile Include="..\..\..\Core\Loader\Module\ModuleManager.cpp">
      <Filter>Core\Loader\Module</Filter>
    </ClCompile>
    <ClCompile Include="..\..\..\Core\Loader\Relocations\Relocation.cpp">
      <Filter>Core\Loader\Relocations</Filter>
    </ClCompile>
    <ClCompile Include="..\..\..\Core\Loader\Symbols\Symbol.cpp">
      <Filter>Core\Loader\Symbols</Filter>
    </ClCompile>
    <ClCompile Include="..\..\..\Core\Loader\Symbols\SymbolResolver.cpp">
      <Filter>Core\Loader\Symbols</Filter>
    </ClCompile>
    <ClCompile Include="..\..\..\Core\Loader\Dependencies\Dependency.cpp">
      <Filter>Core\Loader\Dependencies</Filter>
    </ClCompile>
    <ClCompile Include="..\..\..\Core\Loader\Dependencies\DependencyResolver.cpp">
      <Filter>Core\Loader\Dependencies</Filter>
    </ClCompile>
    <ClCompile Include="..\..\..\Core\Memory\GuestMemory.cpp">
      <Filter>Core</Filter>
    </ClCompile>
    <ClCompile Include="..\..\..\Core\CPU\Registers.cpp">
      <Filter>Core\CPU</Filter>
    </ClCompile>
    <ClCompile Include="..\..\..\Core\CPU\Flags.cpp">
      <Filter>Core\CPU</Filter>
    </ClCompile>
    <ClCompile Include="..\..\..\Core\CPU\Instruction.cpp">
      <Filter>Core\CPU</Filter>
    </ClCompile>
    <ClCompile Include="..\..\..\Core\CPU\CpuExecutor.cpp">
      <Filter>Core\CPU</Filter>
    </ClCompile>
    <ClCompile Include="..\..\..\Core\CPU\CpuSmokeTests.cpp">
      <Filter>Core\CPU</Filter>
    </ClCompile>
    <ClCompile Include="..\..\..\Core\Kernel\Process\Process.cpp">
      <Filter>Core\Kernel</Filter>
    </ClCompile>
    <ClCompile Include="..\..\..\Core\Kernel\Thread\Thread.cpp">
      <Filter>Core\Kernel</Filter>
    </ClCompile>
    <ClCompile Include="..\..\..\Core\Kernel\Scheduler\Scheduler.cpp">
      <Filter>Core\Kernel</Filter>
    </ClCompile>
    <ClCompile Include="..\..\..\Core\Kernel\Syscalls\SyscallDispatcher.cpp">
      <Filter>Core\Kernel</Filter>
    </ClCompile>
    <ClCompile Include="..\..\..\Core\Kernel\Exceptions\ExceptionBoundary.cpp">
      <Filter>Core\Kernel</Filter>
    </ClCompile>
    <ClCompile Include="..\..\..\Core\Kernel\RuntimeSmokeTests.cpp">
      <Filter>Core\Kernel</Filter>
    </ClCompile>
    <ClCompile Include="..\..\..\Core\Kernel\Syscalls\SyscallRegistry.cpp">
      <Filter>Core\Kernel</Filter>
    </ClCompile>
    <ClCompile Include="..\..\..\Core\Kernel\Syscalls\Ps4SyscallStubs.cpp">
      <Filter>Core\Kernel</Filter>
    </ClCompile>
    <ClCompile Include="..\..\..\Core\ABI\CallingConvention\X86_64CallingConvention.cpp">
      <Filter>Core\ABI</Filter>
    </ClCompile>
    <ClCompile Include="..\..\..\Core\ABI\Arguments\AbiContext.cpp">
      <Filter>Core\ABI</Filter>
    </ClCompile>
    <ClCompile Include="..\..\..\Core\ABI\ReturnValues\ReturnValue.cpp">
      <Filter>Core\ABI</Filter>
    </ClCompile>
    <ClCompile Include="..\..\..\Core\ABI\Syscall\SyscallTransition.cpp">
      <Filter>Core\ABI</Filter>
    </ClCompile>
    <ClCompile Include="..\..\..\Core\ABI\AbiSmokeTests.cpp">
      <Filter>Core\ABI</Filter>
    </ClCompile>
    <ClCompile Include="..\..\..\Core\Execution\ExecutionContext.cpp">
      <Filter>Core\Execution</Filter>
    </ClCompile>
    <ClCompile Include="..\..\..\Core\Execution\NativeExecutionBackend.cpp">
      <Filter>Core\Execution</Filter>
    </ClCompile>
    <ClCompile Include="..\..\..\Core\Execution\SyntheticTestBackend.cpp">
      <Filter>Core\Execution</Filter>
    </ClCompile>
    <ClCompile Include="..\..\..\Core\Execution\UpstreamCompatibleX64Backend.cpp">
      <Filter>Core\Execution</Filter>
    </ClCompile>
    <ClCompile Include="..\..\..\Core\Execution\Upstream\XboxUwpExecutionPlatform.cpp">
      <Filter>Core\Execution\Upstream</Filter>
    </ClCompile>
    <ClCompile Include="..\..\..\Core\Execution\Upstream\UpstreamExecutionBackend.cpp">
      <Filter>Core\Execution\Upstream</Filter>
    </ClCompile>
    <ClCompile Include="..\..\..\Core\Execution\CpuBackendSmokeTests.cpp">
      <Filter>Core\Execution</Filter>
    </ClCompile>
    <ClCompile Include="..\..\..\Core\Execution\ModuleSmokeTests.cpp">
      <Filter>Core\Execution</Filter>
    </ClCompile>
    <ClCompile Include="..\..\..\Core\Execution\DynamicModuleSmokeTests.cpp">
      <Filter>Core\Execution</Filter>
    </ClCompile>
    <ClCompile Include="..\..\..\Core\Execution\UpstreamExecutionSmokeTests.cpp">
      <Filter>Core\Execution</Filter>
    </ClCompile>
    <ClCompile Include="App.xaml.cpp" />
    <ClCompile Include="MainPage.xaml.cpp" />
    <ClCompile Include="Generated Files\XamlTypeInfo.g.cpp" />
    <ClCompile Include="Generated Files\XamlTypeInfo.Impl.g.cpp" />
    <ClCompile Include="Generated Files\XamlLibMetadataProvider.g.cpp" />
    <ClCompile Include="pch.cpp" />
  </ItemGroup>
  <ItemGroup>
    <Image Include="Assets\Square44x44Logo.png">
      <Filter>Assets</Filter>
    </Image>
    <Image Include="Assets\Square150x150Logo.png">
      <Filter>Assets</Filter>
    </Image>
    <Image Include="Assets\Wide310x150Logo.png">
      <Filter>Assets</Filter>
    </Image>
    <Image Include="Assets\StoreLogo.png">
      <Filter>Assets</Filter>
    </Image>
    <Image Include="Assets\SplashScreen.png">
      <Filter>Assets</Filter>
    </Image>
  </ItemGroup>
  <ItemGroup>
    <ApplicationDefinition Include="App.xaml" />
  </ItemGroup>
  <ItemGroup>
    <AppxManifest Include="Package.appxmanifest" />
  </ItemGroup>
  <ItemGroup>
    <Page Include="MainPage.xaml" />
  </ItemGroup>
</Project>
